{
  "name": "cancelorder",
  "version": "2.0.0",
  "lockfileVersion": 3,
  "requires": true,
  "packages": {
    "": {
      "name": "cancelorder",
      "version": "2.0.0",
      "license": "Apache-2.0",
      "devDependencies": {
        "@types/aws-lambda": "^8.10.92"
      }
    },
    "node_modules/@types/aws-lambda": {
      "version": "8.10.164",
      "resolved": "https://registry.npmjs.org/@types/aws-lambda/-/aws-lambda-8.10.164.tgz",
      "integrity": "sha512-XOnrazWcOd6yWPnR7DxqCBPPYciDjHq+NN8LPwwqBCJNXLyPJgKo47fZpJ113+oyAn9Zti0Cf6H4k6yPcE3WFg==",
      "dev": true,
      "license": "MIT"
    }
  }
}
